
Microsoft Visual Studio Solution File, Format Version 12.00
# Visual Studio 15
VisualStudioVersion = 15.0.28307.168
MinimumVisualStudioVersion = 10.0.40219.1
Project("{FAE04EC0-301F-11D3-BF4B-00C04F79EFBC}") = "SlamSiteBase", "SlamSiteBase\SlamSiteBase.csproj", "{78C2E44C-8052-45EA-B6CE-4DBC554FC6E2}"
EndProject
Project("{FAE04EC0-301F-11D3-BF4B-00C04F79EFBC}") = "SlamSite", "SlamSite\SlamSite.csproj", "{3BD29325-1D8B-458D-A508-0670C3257DFB}"
EndProject
Project("{FAE04EC0-301F-11D3-BF4B-00C04F79EFBC}") = "Controls", "X3DServerControls\Controls.csproj", "{D4669C52-2493-4FE4-A745-6DBBD0EAFB55}"
EndProject
Global
	GlobalSection(SolutionConfigurationPlatforms) = preSolution
		Debug|Any CPU = Debug|Any CPU
		Release|Any CPU = Release|Any CPU 
	EndGlobalSection
	GlobalSection(ProjectConfigurationPlatforms) = postSolution
		{78C2E44C-8052-45EA-B6CE-4DBC554FC6E2}.Debug|Any CPU.ActiveCfg = Debug|Any CPU
		{78C2E44C-8052-45EA-B6CE-4DBC554FC6E2}.Debug|Any CPU.Build.0 = Debug|Any CPU
		{78C2E44C-8052-45EA-B6CE-4DBC554FC6E2}.Release|Any CPU.ActiveCfg = Release|Any CPU
		{78C2E44C-8052-45EA-B6CE-4DBC554FC6E2}.Release|Any CPU.Build.0 = Release|Any CPU
		{3BD29325-1D8B-458D-A508-0670C3257DFB}.Debug|Any CPU.ActiveCfg = Debug|Any CPU
		{3BD29325-1D8B-458D-A508-0670C3257DFB}.Debug|Any CPU.Build.0 = Debug|Any CPU
		{3BD29325-1D8B-458D-A508-0670C3257DFB}.Release|Any CPU.ActiveCfg = Release|Any CPU
		{3BD29325-1D8B-458D-A508-0670C3257DFB}.Release|Any CPU.Build.0 = Release|Any CPU
		{D4669C52-2493-4FE4-A745-6DBBD0EAFB55}.Debug|Any CPU.ActiveCfg = Debug|Any CPU
		{D4669C52-2493-4FE4-A745-6DBBD0EAFB55}.Debug|Any CPU.Build.0 = Debug|Any CPU
		{D4669C52-2493-4FE4-A745-6DBBD0EAFB55}.Release|Any CPU.ActiveCfg = Release|Any CPU
		{D4669C52-2493-4FE4-A745-6DBBD0EAFB55}.Release|Any CPU.Build.0 = Release|Any CPU
	EndGlobalSection
	GlobalSection(SolutionProperties) = preSolution
		HideSolutionNode = FALSE
	EndGlobalSection
	GlobalSection(ExtensibilityGlobals) = postSolution
		SolutionGuid = {AF80FC15-D8CF-4345-8ADA-0C89692B330C}
	EndGlobalSection
EndGlobal
